<?xml version="1.0" encoding="utf-8"?>
<Project ToolsVersion="4.0" xmlns="http://schemas.microsoft.com/developer/msbuild/2003">
  <ItemGroup>
    <Filter Include="ソース ファイル">
      <UniqueIdentifier>{4FC737F1-C7A5-4376-A066-2A32D752A2FF}</UniqueIdentifier>
      <Extensions>cpp;c;cc;cxx;def;odl;idl;hpj;bat;asm;asmx</Extensions>
    </Filter>
    <Filter Include="ヘッダー ファイル">
      <UniqueIdentifier>{93995380-89BD-4b04-88EB-625FBE52EBFB}</UniqueIdentifier>
      <Extensions>h;hh;hpp;hxx;hm;inl;inc;ipp;xsd</Extensions>
    </Filter>
    <Filter Include="リソース ファイル">
      <UniqueIdentifier>{67DA6AB6-F800-4c08-8B7A-83BB121AAD01}</UniqueIdentifier>
      <Extensions>rc;ico;cur;bmp;dlg;rc2;rct;bin;rgs;gif;jpg;jpeg;jpe;resx;tiff;tif;png;wav;mfcribbon-ms</Extensions>
    </Filter>
    <Filter Include="ソース ファイル\ui">
      <UniqueIdentifier>{0a9291da-91ca-477b-a387-0085431fd813}</UniqueIdentifier>
    </Filter>
    <Filter Include="ソース ファイル\game">
      <UniqueIdentifier>{e5699cb1-8d2a-4770-9ef4-945758e6405f}</UniqueIdentifier>
    </Filter>
    <Filter Include="ソース ファイル\title">
      <UniqueIdentifier>{532ef32b-f3db-4368-aa58-03b990d21bab}</UniqueIdentifier>
    </Filter>
  </ItemGroup>
  <ItemGroup>
    <ClCompile Include="sound.cpp">
      <Filter>ソース ファイル</Filter>
    </ClCompile>
    <ClCompile Include="stage.cpp">
      <Filter>ソース ファイル</Filter>
    </ClCompile>
    <ClCompile Include="d3d.cpp">
      <Filter>ソース ファイル</Filter>
    </ClCompile>
    <ClCompile Include="easing.cpp">
      <Filter>ソース ファイル</Filter>
    </ClCompile>
    <ClCompile Include="image.cpp">
      <Filter>ソース ファイル</Filter>
    </ClCompile>
    <ClCompile Include="input.cpp">
      <Filter>ソース ファイル</Filter>
    </ClCompile>
    <ClCompile Include="main.cpp">
      <Filter>ソース ファイル</Filter>
    </ClCompile>
    <ClCompile Include="maths.cpp">
      <Filter>ソース ファイル</Filter>
    </ClCompile>
    <ClCompile Include="model.cpp">
      <Filter>ソース ファイル</Filter>
    </ClCompile>
    <ClCompile Include="particle.cpp">
      <Filter>ソース ファイル</Filter>
    </ClCompile>
    <ClCompile Include="ui_digits.cpp">
      <Filter>ソース ファイル\ui</Filter>
    </ClCompile>
    <ClCompile Include="ui_game.cpp">
      <Filter>ソース ファイル\ui</Filter>
    </ClCompile>
    <ClCompile Include="ui_title.cpp">
      <Filter>ソース ファイル\ui</Filter>
    </ClCompile>
    <ClCompile Include="camera.cpp">
      <Filter>ソース ファイル\game</Filter>
    </ClCompile>
    <ClCompile Include="game.cpp">
      <Filter>ソース ファイル\game</Filter>
    </ClCompile>
    <ClCompile Include="light.cpp">
      <Filter>ソース ファイル\game</Filter>
    </ClCompile>
    <ClCompile Include="player.cpp">
      <Filter>ソース ファイル\game</Filter>
    </ClCompile>
    <ClCompile Include="sky.cpp">
      <Filter>ソース ファイル\game</Filter>
    </ClCompile>
    <ClCompile Include="title.cpp">
      <Filter>ソース ファイル\title</Filter>
    </ClCompile>
    <ClCompile Include="maze.cpp">
      <Filter>ソース ファイル\game</Filter>
    </ClCompile>
    <ClCompile Include="node.cpp">
      <Filter>ソース ファイル</Filter>
    </ClCompile>
    <ClCompile Include="star.cpp">
      <Filter>ソース ファイル\game</Filter>
    </ClCompile>
    <ClCompile Include="item.cpp">
      <Filter>ソース ファイル\game</Filter>
    </ClCompile>
    <ClCompile Include="portal.cpp">
      <Filter>ソース ファイル\game</Filter>
    </ClCompile>
  </ItemGroup>
  <ItemGroup>
    <ClInclude Include="core.h">
      <Filter>ソース ファイル</Filter>
    </ClInclude>
    <ClInclude Include="d3d.h">
      <Filter>ソース ファイル</Filter>
    </ClInclude>
    <ClInclude Include="easing.h">
      <Filter>ソース ファイル</Filter>
    </ClInclude>
    <ClInclude Include="image.h">
      <Filter>ソース ファイル</Filter>
    </ClInclude>
    <ClInclude Include="input.h">
      <Filter>ソース ファイル</Filter>
    </ClInclude>
    <ClInclude Include="main.h">
      <Filter>ソース ファイル</Filter>
    </ClInclude>
    <ClInclude Include="maths.h">
      <Filter>ソース ファイル</Filter>
    </ClInclude>
    <ClInclude Include="model.h">
      <Filter>ソース ファイル</Filter>
    </ClInclude>
    <ClInclude Include="particle.h">
      <Filter>ソース ファイル</Filter>
    </ClInclude>
    <ClInclude Include="sound.h">
      <Filter>ソース ファイル</Filter>
    </ClInclude>
    <ClInclude Include="stage.h">
      <Filter>ソース ファイル</Filter>
    </ClInclude>
    <ClInclude Include="util.h">
      <Filter>ソース ファイル</Filter>
    </ClInclude>
    <ClInclude Include="ui_digits.h">
      <Filter>ソース ファイル\ui</Filter>
    </ClInclude>
    <ClInclude Include="ui_game.h">
      <Filter>ソース ファイル\ui</Filter>
    </ClInclude>
    <ClInclude Include="ui_title.h">
      <Filter>ソース ファイル\ui</Filter>
    </ClInclude>
    <ClInclude Include="camera.h">
      <Filter>ソース ファイル\game</Filter>
    </ClInclude>
    <ClInclude Include="game.h">
      <Filter>ソース ファイル\game</Filter>
    </ClInclude>
    <ClInclude Include="gamemain.h">
      <Filter>ソース ファイル\game</Filter>
    </ClInclude>
    <ClInclude Include="light.h">
      <Filter>ソース ファイル\game</Filter>
    </ClInclude>
    <ClInclude Include="player.h">
      <Filter>ソース ファイル\game</Filter>
    </ClInclude>
    <ClInclude Include="sky.h">
      <Filter>ソース ファイル\game</Filter>
    </ClInclude>
    <ClInclude Include="title.h">
      <Filter>ソース ファイル\title</Filter>
    </ClInclude>
    <ClInclude Include="maze.h">
      <Filter>ソース ファイル\game</Filter>
    </ClInclude>
    <ClInclude Include="node.h">
      <Filter>ソース ファイル</Filter>
    </ClInclude>
    <ClInclude Include="star.h">
      <Filter>ソース ファイル\game</Filter>
    </ClInclude>
    <ClInclude Include="item.h">
      <Filter>ソース ファイル\game</Filter>
    </ClInclude>
    <ClInclude Include="portal.h">
      <Filter>ソース ファイル\game</Filter>
    </ClInclude>
  </ItemGroup>
</Project>